
Microsoft Visual Studio Solution File, Format Version 12.00
# Visual Studio Version 17
VisualStudioVersion = 17.13.35825.156 d17.13
MinimumVisualStudioVersion = 10.0.40219.1
Project("{54A90642-561A-4BB1-A94E-469ADEE60C69}") = "easygroceries.client", "easygroceries.client\easygroceries.client.esproj", "{9E5AD77F-B713-8AC9-8529-0E2F5742695D}"
EndProject
Project("{FAE04EC0-301F-11D3-BF4B-00C04F79EFBC}") = "EasyGroceries.Server", "EasyGroceries.Server\EasyGroceries.Server.csproj", "{CE09EB0A-83B9-4207-A746-8B89C5DCBFD8}"
EndProject
Global
	GlobalSection(SolutionConfigurationPlatforms) = preSolution
		Debug|Any CPU = Debug|Any CPU
		Release|Any CPU = Release|Any CPU
	EndGlobalSection
	GlobalSection(ProjectConfigurationPlatforms) = postSolution
		{9E5AD77F-B713-8AC9-8529-0E2F5742695D}.Debug|Any CPU.ActiveCfg = Debug|Any CPU
		{9E5AD77F-B713-8AC9-8529-0E2F5742695D}.Debug|Any CPU.Build.0 = Debug|Any CPU
		{9E5AD77F-B713-8AC9-8529-0E2F5742695D}.Debug|Any CPU.Deploy.0 = Debug|Any CPU
		{9E5AD77F-B713-8AC9-8529-0E2F5742695D}.Release|Any CPU.ActiveCfg = Release|Any CPU
		{9E5AD77F-B713-8AC9-8529-0E2F5742695D}.Release|Any CPU.Build.0 = Release|Any CPU
		{9E5AD77F-B713-8AC9-8529-0E2F5742695D}.Release|Any CPU.Deploy.0 = Release|Any CPU
		{CE09EB0A-83B9-4207-A746-8B89C5DCBFD8}.Debug|Any CPU.ActiveCfg = Debug|Any CPU
		{CE09EB0A-83B9-4207-A746-8B89C5DCBFD8}.Debug|Any CPU.Build.0 = Debug|Any CPU
		{CE09EB0A-83B9-4207-A746-8B89C5DCBFD8}.Release|Any CPU.ActiveCfg = Release|Any CPU
		{CE09EB0A-83B9-4207-A746-8B89C5DCBFD8}.Release|Any CPU.Build.0 = Release|Any CPU
	EndGlobalSection
	GlobalSection(SolutionProperties) = preSolution
		HideSolutionNode = FALSE
	EndGlobalSection
	GlobalSection(ExtensibilityGlobals) = postSolution
		SolutionGuid = {811582BA-F7DF-459F-AA0B-E1517FCF0B87}
	EndGlobalSection
EndGlobal
